{
  "version": 4,
  "terraform_version": "1.6.6",
  "serial": 10,
  "lineage": "fae5cea6-72f8-a0c0-2805-acd1e5c58cc8",
  "outputs": {},
  "resources": [
    {
      "mode": "data",
      "type": "archive_file",
      "name": "app_zip",
      "provider": "provider[\"registry.terraform.io/hashicorp/archive\"]",
      "instances": [
        {
          "schema_version": 0,
          "attributes": {
            "exclude_symlink_directories": null,
            "excludes": null,
            "id": "e37734d583f9e160b38fabbf8f99fa9a8c506c2d",
            "output_base64sha256": "Em2G8TWcPjn7yaaBgyOh8IpOlESx02eZAp/5jV8EsC0=",
            "output_base64sha512": "kQbSWuEUyFdiPPfOfRQPwhj7IeuFgAHsxvdkNcwMpT8bWPCKlUCusVw0NlOJ6fKC/M/KtlMlHl2CPT6tG4jSKw==",
            "output_file_mode": null,
            "output_md5": "043f8ebb766f04188435cb77ea13ae48",
            "output_path": "../build/app.zip",
            "output_sha": "e37734d583f9e160b38fabbf8f99fa9a8c506c2d",
            "output_sha256": "126d86f1359c3e39fbc9a6818323a1f08a4e9444b1d36799029ff98d5f04b02d",
            "output_sha512": "9106d25ae114c857623cf7ce7d140fc218fb21eb858001ecc6f76435cc0ca53f1b58f08a9540aeb15c34365389e9f282fccfcab653251e5d823d3ead1b88d22b",
            "output_size": 349,
            "source": [],
            "source_content": null,
            "source_content_filename": null,
            "source_dir": "../app",
            "source_file": null,
            "type": "zip"
          },
          "sensitive_attributes": []
        }
      ]
    },
    {
      "mode": "managed",
      "type": "google_cloudfunctions_function",
      "name": "function",
      "provider": "provider[\"registry.terraform.io/hashicorp/google\"]",
      "instances": [
        {
          "schema_version": 0,
          "attributes": {
            "available_memory_mb": 128,
            "build_environment_variables": null,
            "build_worker_pool": "",
            "description": "My function",
            "docker_registry": "CONTAINER_REGISTRY",
            "docker_repository": "",
            "effective_labels": {},
            "entry_point": "lambda_event",
            "environment_variables": null,
            "event_trigger": [],
            "https_trigger_security_level": "SECURE_OPTIONAL",
            "https_trigger_url": "https://us-east1-nth-micron-411415.cloudfunctions.net/terrafom-function",
            "id": "projects/nth-micron-411415/locations/us-east1/functions/terrafom-function",
            "ingress_settings": "ALLOW_ALL",
            "kms_key_name": "",
            "labels": null,
            "max_instances": 0,
            "min_instances": 0,
            "name": "terrafom-function",
            "project": "nth-micron-411415",
            "region": "us-east1",
            "runtime": "python312",
            "secret_environment_variables": [],
            "secret_volumes": [],
            "service_account_email": "nth-micron-411415@appspot.gserviceaccount.com",
            "source_archive_bucket": "document-reader-test-bucket",
            "source_archive_object": "index.zip",
            "source_repository": [],
            "status": "ACTIVE",
            "terraform_labels": {},
            "timeout": 60,
            "timeouts": null,
            "trigger_http": true,
            "vpc_connector": "",
            "vpc_connector_egress_settings": ""
          },
          "sensitive_attributes": [],
          "private": "eyJlMmJmYjczMC1lY2FhLTExZTYtOGY4OC0zNDM2M2JjN2M0YzAiOnsiY3JlYXRlIjozMDAwMDAwMDAwMDAsImRlbGV0ZSI6MzAwMDAwMDAwMDAwLCJyZWFkIjozMDAwMDAwMDAwMDAsInVwZGF0ZSI6MzAwMDAwMDAwMDAwfX0=",
          "dependencies": [
            "data.archive_file.app_zip",
            "google_storage_bucket.bucket",
            "google_storage_bucket_object.archive"
          ]
        }
      ]
    },
    {
      "mode": "managed",
      "type": "google_storage_bucket",
      "name": "bucket",
      "provider": "provider[\"registry.terraform.io/hashicorp/google\"]",
      "instances": [
        {
          "schema_version": 1,
          "attributes": {
            "autoclass": [],
            "cors": [],
            "custom_placement_config": [],
            "default_event_based_hold": false,
            "effective_labels": {},
            "enable_object_retention": false,
            "encryption": [],
            "force_destroy": false,
            "id": "document-reader-test-bucket",
            "labels": {},
            "lifecycle_rule": [],
            "location": "US",
            "logging": [],
            "name": "document-reader-test-bucket",
            "project": "nth-micron-411415",
            "public_access_prevention": "inherited",
            "requester_pays": false,
            "retention_policy": [],
            "rpo": "DEFAULT",
            "self_link": "https://www.googleapis.com/storage/v1/b/document-reader-test-bucket",
            "storage_class": "STANDARD",
            "terraform_labels": {},
            "timeouts": null,
            "uniform_bucket_level_access": false,
            "url": "gs://document-reader-test-bucket",
            "versioning": [],
            "website": []
          },
          "sensitive_attributes": [],
          "private": "eyJlMmJmYjczMC1lY2FhLTExZTYtOGY4OC0zNDM2M2JjN2M0YzAiOnsiY3JlYXRlIjo2MDAwMDAwMDAwMDAsInJlYWQiOjI0MDAwMDAwMDAwMCwidXBkYXRlIjoyNDAwMDAwMDAwMDB9LCJzY2hlbWFfdmVyc2lvbiI6IjEifQ=="
        }
      ]
    },
    {
      "mode": "managed",
      "type": "google_storage_bucket_object",
      "name": "archive",
      "provider": "provider[\"registry.terraform.io/hashicorp/google\"]",
      "instances": [
        {
          "schema_version": 0,
          "attributes": {
            "bucket": "document-reader-test-bucket",
            "cache_control": "",
            "content": null,
            "content_disposition": "",
            "content_encoding": "",
            "content_language": "",
            "content_type": "application/zip",
            "crc32c": "1Icm+A==",
            "customer_encryption": [],
            "detect_md5hash": "BD+Ou3ZvBBiENct36hOuSA==",
            "event_based_hold": false,
            "id": "document-reader-test-bucket-index.zip",
            "kms_key_name": "",
            "md5hash": "BD+Ou3ZvBBiENct36hOuSA==",
            "media_link": "https://storage.googleapis.com/download/storage/v1/b/document-reader-test-bucket/o/index.zip?generation=1705435454620672\u0026alt=media",
            "metadata": null,
            "name": "index.zip",
            "output_name": "index.zip",
            "retention": [],
            "self_link": "https://www.googleapis.com/storage/v1/b/document-reader-test-bucket/o/index.zip",
            "source": "../build/app.zip",
            "storage_class": "STANDARD",
            "temporary_hold": false,
            "timeouts": null
          },
          "sensitive_attributes": [],
          "private": "eyJlMmJmYjczMC1lY2FhLTExZTYtOGY4OC0zNDM2M2JjN2M0YzAiOnsiY3JlYXRlIjoyNDAwMDAwMDAwMDAsImRlbGV0ZSI6MjQwMDAwMDAwMDAwLCJ1cGRhdGUiOjI0MDAwMDAwMDAwMH19",
          "dependencies": [
            "data.archive_file.app_zip",
            "google_storage_bucket.bucket"
          ]
        }
      ]
    }
  ],
  "check_results": null
}
