{
  "version": 4,
  "terraform_version": "1.6.6",
  "serial": 207,
  "lineage": "fae5cea6-72f8-a0c0-2805-acd1e5c58cc8",
  "outputs": {
    "archivename": {
      "value": "image-wraping_c01ee7cd48bd12f3c20495182610e9a4.zip",
      "type": "string"
    },
    "bucketname": {
      "value": "image-wraping-app-bucket",
      "type": "string"
    },
    "function_uri": {
      "value": "https://function-edzkyirdzq-ue.a.run.app",
      "type": "string"
    }
  },
  "resources": [
    {
      "mode": "data",
      "type": "archive_file",
      "name": "app_zip",
      "provider": "provider[\"registry.terraform.io/hashicorp/archive\"]",
      "instances": [
        {
          "schema_version": 0,
          "attributes": {
            "exclude_symlink_directories": null,
            "excludes": [
              "../app/Pipfile",
              "../app/Pipfile.lock",
              "img/example.jpg",
              "notebook/image-wraping.ipynb"
            ],
            "id": "10d6c45f6657a1441f525837e4453d70a8d1797c",
            "output_base64sha256": "XtZt5lNqZSYbJ5VZ//vA7HMEFKA8d7SS9/O4uLAXbAk=",
            "output_base64sha512": "xwqd+q2opg+Kjh7Chtni01jNo4Ap4Gsi3Ww9qffW6aeX7psJcILfmBuGZIkET/MQvjB8EUCllU1VDQcC9SmlTA==",
            "output_file_mode": null,
            "output_md5": "c01ee7cd48bd12f3c20495182610e9a4",
            "output_path": "../build/app.zip",
            "output_sha": "10d6c45f6657a1441f525837e4453d70a8d1797c",
            "output_sha256": "5ed66de6536a65261b279559fffbc0ec730414a03c77b492f7f3b8b8b0176c09",
            "output_sha512": "c70a9dfaada8a60f8a8e1ec286d9e2d358cda38029e06b22dd6c3da9f7d6e9a797ee9b097082df981b866489044ff310be307c1140a5954d550d0702f529a54c",
            "output_size": 35765,
            "source": [],
            "source_content": null,
            "source_content_filename": null,
            "source_dir": "../app",
            "source_file": null,
            "type": "zip"
          },
          "sensitive_attributes": []
        }
      ]
    },
    {
      "mode": "managed",
      "type": "google_cloud_run_service_iam_binding",
      "name": "default",
      "provider": "provider[\"registry.terraform.io/hashicorp/google\"]",
      "instances": [
        {
          "schema_version": 0,
          "attributes": {
            "condition": [],
            "etag": "BwYQDozl6Hw=",
            "id": "v1/projects/nth-micron-411415/locations/us-east1/services/function/roles/run.invoker",
            "location": "us-east1",
            "members": [
              "allUsers"
            ],
            "project": "nth-micron-411415",
            "role": "roles/run.invoker",
            "service": "v1/projects/nth-micron-411415/locations/us-east1/services/function"
          },
          "sensitive_attributes": [],
          "private": "bnVsbA==",
          "dependencies": [
            "data.archive_file.app_zip",
            "google_cloudfunctions2_function.default",
            "google_storage_bucket.bucket",
            "google_storage_bucket_object.archive"
          ]
        }
      ]
    },
    {
      "mode": "managed",
      "type": "google_cloudfunctions2_function",
      "name": "default",
      "provider": "provider[\"registry.terraform.io/hashicorp/google\"]",
      "instances": [
        {
          "schema_version": 0,
          "attributes": {
            "build_config": [
              {
                "build": "projects/680777544761/locations/us-east1/builds/6c19ad23-d5e0-4043-9bf3-59a41eac8d74",
                "docker_repository": "projects/nth-micron-411415/locations/us-east1/repositories/gcf-artifacts",
                "entry_point": "main",
                "environment_variables": {},
                "runtime": "python312",
                "source": [
                  {
                    "repo_source": [],
                    "storage_source": [
                      {
                        "bucket": "image-wraping-app-bucket",
                        "generation": 679869807,
                        "object": "image-wraping_c01ee7cd48bd12f3c20495182610e9a4.zip"
                      }
                    ]
                  }
                ],
                "worker_pool": ""
              }
            ],
            "description": "a new function",
            "effective_labels": {},
            "environment": "GEN_2",
            "event_trigger": [],
            "id": "projects/nth-micron-411415/locations/us-east1/functions/function",
            "kms_key_name": "",
            "labels": {},
            "location": "us-east1",
            "name": "function",
            "project": "nth-micron-411415",
            "service_config": [
              {
                "all_traffic_on_latest_revision": true,
                "available_cpu": "0.1666",
                "available_memory": "256M",
                "environment_variables": {},
                "gcf_uri": "",
                "ingress_settings": "ALLOW_ALL",
                "max_instance_count": 1,
                "max_instance_request_concurrency": 1,
                "min_instance_count": 0,
                "secret_environment_variables": [],
                "secret_volumes": [],
                "service": "projects/nth-micron-411415/locations/us-east1/services/function",
                "service_account_email": "680777544761-compute@developer.gserviceaccount.com",
                "timeout_seconds": 60,
                "uri": "https://function-edzkyirdzq-ue.a.run.app",
                "vpc_connector": "",
                "vpc_connector_egress_settings": ""
              }
            ],
            "state": "ACTIVE",
            "terraform_labels": {},
            "timeouts": null,
            "update_time": "2024-01-30T13:59:27.075944272Z",
            "url": "https://us-east1-nth-micron-411415.cloudfunctions.net/function"
          },
          "sensitive_attributes": [],
          "private": "eyJlMmJmYjczMC1lY2FhLTExZTYtOGY4OC0zNDM2M2JjN2M0YzAiOnsiY3JlYXRlIjozNjAwMDAwMDAwMDAwLCJkZWxldGUiOjM2MDAwMDAwMDAwMDAsInVwZGF0ZSI6MzYwMDAwMDAwMDAwMH19",
          "dependencies": [
            "data.archive_file.app_zip",
            "google_storage_bucket.bucket",
            "google_storage_bucket_object.archive"
          ]
        }
      ]
    },
    {
      "mode": "managed",
      "type": "google_storage_bucket",
      "name": "bucket",
      "provider": "provider[\"registry.terraform.io/hashicorp/google\"]",
      "instances": [
        {
          "schema_version": 1,
          "attributes": {
            "autoclass": [],
            "cors": [],
            "custom_placement_config": [],
            "default_event_based_hold": false,
            "effective_labels": {},
            "enable_object_retention": false,
            "encryption": [],
            "force_destroy": false,
            "id": "image-wraping-app-bucket",
            "labels": {},
            "lifecycle_rule": [],
            "location": "US",
            "logging": [],
            "name": "image-wraping-app-bucket",
            "project": "nth-micron-411415",
            "public_access_prevention": "inherited",
            "requester_pays": false,
            "retention_policy": [],
            "rpo": "DEFAULT",
            "self_link": "https://www.googleapis.com/storage/v1/b/image-wraping-app-bucket",
            "storage_class": "STANDARD",
            "terraform_labels": {},
            "timeouts": null,
            "uniform_bucket_level_access": false,
            "url": "gs://image-wraping-app-bucket",
            "versioning": [],
            "website": []
          },
          "sensitive_attributes": [],
          "private": "eyJlMmJmYjczMC1lY2FhLTExZTYtOGY4OC0zNDM2M2JjN2M0YzAiOnsiY3JlYXRlIjo2MDAwMDAwMDAwMDAsInJlYWQiOjI0MDAwMDAwMDAwMCwidXBkYXRlIjoyNDAwMDAwMDAwMDB9LCJzY2hlbWFfdmVyc2lvbiI6IjEifQ=="
        }
      ]
    },
    {
      "mode": "managed",
      "type": "google_storage_bucket_object",
      "name": "archive",
      "provider": "provider[\"registry.terraform.io/hashicorp/google\"]",
      "instances": [
        {
          "schema_version": 0,
          "attributes": {
            "bucket": "image-wraping-app-bucket",
            "cache_control": "",
            "content": null,
            "content_disposition": "",
            "content_encoding": "",
            "content_language": "",
            "content_type": "application/zip",
            "crc32c": "vykxVw==",
            "customer_encryption": [],
            "detect_md5hash": "wB7nzUi9EvPCBJUYJhDppA==",
            "event_based_hold": false,
            "id": "image-wraping-app-bucket-image-wraping_c01ee7cd48bd12f3c20495182610e9a4.zip",
            "kms_key_name": "",
            "md5hash": "wB7nzUi9EvPCBJUYJhDppA==",
            "media_link": "https://storage.googleapis.com/download/storage/v1/b/image-wraping-app-bucket/o/image-wraping_c01ee7cd48bd12f3c20495182610e9a4.zip?generation=1706623113547951\u0026alt=media",
            "metadata": null,
            "name": "image-wraping_c01ee7cd48bd12f3c20495182610e9a4.zip",
            "output_name": "image-wraping_c01ee7cd48bd12f3c20495182610e9a4.zip",
            "retention": [],
            "self_link": "https://www.googleapis.com/storage/v1/b/image-wraping-app-bucket/o/image-wraping_c01ee7cd48bd12f3c20495182610e9a4.zip",
            "source": "../build/app.zip",
            "storage_class": "STANDARD",
            "temporary_hold": false,
            "timeouts": null
          },
          "sensitive_attributes": [],
          "private": "eyJlMmJmYjczMC1lY2FhLTExZTYtOGY4OC0zNDM2M2JjN2M0YzAiOnsiY3JlYXRlIjoyNDAwMDAwMDAwMDAsImRlbGV0ZSI6MjQwMDAwMDAwMDAwLCJ1cGRhdGUiOjI0MDAwMDAwMDAwMH19",
          "dependencies": [
            "data.archive_file.app_zip",
            "google_storage_bucket.bucket"
          ]
        }
      ]
    }
  ],
  "check_results": null
}
