{
  "version": 4,
  "terraform_version": "1.6.6",
  "serial": 67,
  "lineage": "fae5cea6-72f8-a0c0-2805-acd1e5c58cc8",
  "outputs": {
    "function_uri": {
      "value": "https://function-edzkyirdzq-ue.a.run.app",
      "type": "string"
    }
  },
  "resources": [
    {
      "mode": "data",
      "type": "archive_file",
      "name": "app_zip",
      "provider": "provider[\"registry.terraform.io/hashicorp/archive\"]",
      "instances": [
        {
          "schema_version": 0,
          "attributes": {
            "exclude_symlink_directories": null,
            "excludes": [
              "img/example.jpg",
              "notebook/image-wraping.ipynb"
            ],
            "id": "632146820295ec04007ac898a19213f470ef132d",
            "output_base64sha256": "hmdHGIr+NyflKCwonwdsRZVACgcPiXWN+9ftR9zQjaU=",
            "output_base64sha512": "5NWPYlMkzjew0EAfDIWu/6yMn6FkBn5gvE/mPgZpnxjwOfrDDXeC9z0655xlKVCDcyVdxGPLNd4S2YwHh0GvIA==",
            "output_file_mode": null,
            "output_md5": "d2349ae1c1bc542503147d0614af67a3",
            "output_path": "../build/app.zip",
            "output_sha": "632146820295ec04007ac898a19213f470ef132d",
            "output_sha256": "866747188afe3727e5282c289f076c4595400a070f89758dfbd7ed47dcd08da5",
            "output_sha512": "e4d58f625324ce37b0d0401f0c85aeffac8c9fa164067e60bc4fe63e06699f18f039fac30d7782f73d3ae79c6529508373255dc463cb35de12d98c078741af20",
            "output_size": 27757,
            "source": [],
            "source_content": null,
            "source_content_filename": null,
            "source_dir": "../app",
            "source_file": null,
            "type": "zip"
          },
          "sensitive_attributes": []
        }
      ]
    },
    {
      "mode": "managed",
      "type": "google_cloudfunctions2_function",
      "name": "default",
      "provider": "provider[\"registry.terraform.io/hashicorp/google\"]",
      "instances": [
        {
          "schema_version": 0,
          "attributes": {
            "build_config": [
              {
                "build": "projects/680777544761/locations/us-east1/builds/84efbe33-8cf0-4d61-9ef6-889ad888be65",
                "docker_repository": "projects/nth-micron-411415/locations/us-east1/repositories/gcf-artifacts",
                "entry_point": "main",
                "environment_variables": {},
                "runtime": "python312",
                "source": [
                  {
                    "repo_source": [],
                    "storage_source": [
                      {
                        "bucket": "document-reader-app-bucket",
                        "generation": -1359457703,
                        "object": "document-reader_d2349ae1c1bc542503147d0614af67a3.zip"
                      }
                    ]
                  }
                ],
                "worker_pool": ""
              }
            ],
            "description": "a new function",
            "effective_labels": {},
            "environment": "GEN_2",
            "event_trigger": [],
            "id": "projects/nth-micron-411415/locations/us-east1/functions/function",
            "kms_key_name": "",
            "labels": {},
            "location": "us-east1",
            "name": "function",
            "project": "nth-micron-411415",
            "service_config": [
              {
                "all_traffic_on_latest_revision": true,
                "available_cpu": "0.1666",
                "available_memory": "256M",
                "environment_variables": {},
                "gcf_uri": "",
                "ingress_settings": "ALLOW_ALL",
                "max_instance_count": 1,
                "max_instance_request_concurrency": 1,
                "min_instance_count": 0,
                "secret_environment_variables": [],
                "secret_volumes": [],
                "service": "projects/nth-micron-411415/locations/us-east1/services/function",
                "service_account_email": "680777544761-compute@developer.gserviceaccount.com",
                "timeout_seconds": 60,
                "uri": "https://function-edzkyirdzq-ue.a.run.app",
                "vpc_connector": "",
                "vpc_connector_egress_settings": ""
              }
            ],
            "state": "ACTIVE",
            "terraform_labels": {},
            "timeouts": null,
            "update_time": "2024-01-28T16:05:01.153118897Z",
            "url": "https://us-east1-nth-micron-411415.cloudfunctions.net/function"
          },
          "sensitive_attributes": [],
          "private": "eyJlMmJmYjczMC1lY2FhLTExZTYtOGY4OC0zNDM2M2JjN2M0YzAiOnsiY3JlYXRlIjozNjAwMDAwMDAwMDAwLCJkZWxldGUiOjM2MDAwMDAwMDAwMDAsInVwZGF0ZSI6MzYwMDAwMDAwMDAwMH19",
          "dependencies": [
            "data.archive_file.app_zip",
            "google_storage_bucket.bucket",
            "google_storage_bucket_object.archive"
          ]
        }
      ]
    },
    {
      "mode": "managed",
      "type": "google_storage_bucket",
      "name": "bucket",
      "provider": "provider[\"registry.terraform.io/hashicorp/google\"]",
      "instances": [
        {
          "schema_version": 1,
          "attributes": {
            "autoclass": [],
            "cors": [],
            "custom_placement_config": [],
            "default_event_based_hold": false,
            "effective_labels": {},
            "enable_object_retention": false,
            "encryption": [],
            "force_destroy": false,
            "id": "document-reader-app-bucket",
            "labels": null,
            "lifecycle_rule": [],
            "location": "US",
            "logging": [],
            "name": "document-reader-app-bucket",
            "project": "nth-micron-411415",
            "public_access_prevention": "inherited",
            "requester_pays": false,
            "retention_policy": [],
            "rpo": "DEFAULT",
            "self_link": "https://www.googleapis.com/storage/v1/b/document-reader-app-bucket",
            "storage_class": "STANDARD",
            "terraform_labels": {},
            "timeouts": null,
            "uniform_bucket_level_access": false,
            "url": "gs://document-reader-app-bucket",
            "versioning": [],
            "website": []
          },
          "sensitive_attributes": [],
          "private": "eyJlMmJmYjczMC1lY2FhLTExZTYtOGY4OC0zNDM2M2JjN2M0YzAiOnsiY3JlYXRlIjo2MDAwMDAwMDAwMDAsInJlYWQiOjI0MDAwMDAwMDAwMCwidXBkYXRlIjoyNDAwMDAwMDAwMDB9LCJzY2hlbWFfdmVyc2lvbiI6IjEifQ=="
        }
      ]
    },
    {
      "mode": "managed",
      "type": "google_storage_bucket_object",
      "name": "archive",
      "provider": "provider[\"registry.terraform.io/hashicorp/google\"]",
      "instances": [
        {
          "schema_version": 0,
          "attributes": {
            "bucket": "document-reader-app-bucket",
            "cache_control": "",
            "content": null,
            "content_disposition": "",
            "content_encoding": "",
            "content_language": "",
            "content_type": "application/zip",
            "crc32c": "vVOCWQ==",
            "customer_encryption": [],
            "detect_md5hash": "0jSa4cG8VCUDFH0GFK9now==",
            "event_based_hold": false,
            "id": "document-reader-app-bucket-document-reader_d2349ae1c1bc542503147d0614af67a3.zip",
            "kms_key_name": "",
            "md5hash": "0jSa4cG8VCUDFH0GFK9now==",
            "media_link": "https://storage.googleapis.com/download/storage/v1/b/document-reader-app-bucket/o/document-reader_d2349ae1c1bc542503147d0614af67a3.zip?generation=1706457865546992\u0026alt=media",
            "metadata": null,
            "name": "document-reader_d2349ae1c1bc542503147d0614af67a3.zip",
            "output_name": "document-reader_d2349ae1c1bc542503147d0614af67a3.zip",
            "retention": [],
            "self_link": "https://www.googleapis.com/storage/v1/b/document-reader-app-bucket/o/document-reader_d2349ae1c1bc542503147d0614af67a3.zip",
            "source": "../build/app.zip",
            "storage_class": "STANDARD",
            "temporary_hold": false,
            "timeouts": null
          },
          "sensitive_attributes": [],
          "private": "eyJlMmJmYjczMC1lY2FhLTExZTYtOGY4OC0zNDM2M2JjN2M0YzAiOnsiY3JlYXRlIjoyNDAwMDAwMDAwMDAsImRlbGV0ZSI6MjQwMDAwMDAwMDAwLCJ1cGRhdGUiOjI0MDAwMDAwMDAwMH19",
          "dependencies": [
            "data.archive_file.app_zip",
            "google_storage_bucket.bucket"
          ]
        }
      ]
    }
  ],
  "check_results": null
}
