{
  "version": 4,
  "terraform_version": "1.6.6",
  "serial": 61,
  "lineage": "fae5cea6-72f8-a0c0-2805-acd1e5c58cc8",
  "outputs": {
    "function_uri": {
      "value": "https://function-edzkyirdzq-ue.a.run.app",
      "type": "string"
    },
    "m1": {
      "value": "document-reader-test-bucket",
      "type": "string"
    },
    "m2": {
      "value": "document-reader_4ddf0694a0217f0f291b5fb3aa837c34.zip",
      "type": "string"
    }
  },
  "resources": [
    {
      "mode": "data",
      "type": "archive_file",
      "name": "app_zip",
      "provider": "provider[\"registry.terraform.io/hashicorp/archive\"]",
      "instances": [
        {
          "schema_version": 0,
          "attributes": {
            "exclude_symlink_directories": null,
            "excludes": [
              "img/example.jpg",
              "notebook/image-wraping.ipynb"
            ],
            "id": "9cddd0d9104bf92a1cbfed92a5902f64a13121da",
            "output_base64sha256": "Hn02nN4VC4YyKHkoB34hkncsSRKmlL1wbbd5YKOdqiE=",
            "output_base64sha512": "eFKY72jcPia5V5G3VnkiY/ii9jDIVEwyah3rPjD9fLK+xI638PExPZL3IjWlTbpus8C0OmURXmeX6hfWDGsb6Q==",
            "output_file_mode": null,
            "output_md5": "4ddf0694a0217f0f291b5fb3aa837c34",
            "output_path": "../build/app.zip",
            "output_sha": "9cddd0d9104bf92a1cbfed92a5902f64a13121da",
            "output_sha256": "1e7d369cde150b8632287928077e2192772c4912a694bd706db77960a39daa21",
            "output_sha512": "785298ef68dc3e26b95791b756792263f8a2f630c8544c326a1deb3e30fd7cb2bec48eb7f0f1313d92f72235a54dba6eb3c0b43a65115e6797ea17d60c6b1be9",
            "output_size": 27779,
            "source": [],
            "source_content": null,
            "source_content_filename": null,
            "source_dir": "../app",
            "source_file": null,
            "type": "zip"
          },
          "sensitive_attributes": []
        }
      ]
    },
    {
      "mode": "managed",
      "type": "google_cloudfunctions2_function",
      "name": "default",
      "provider": "provider[\"registry.terraform.io/hashicorp/google\"]",
      "instances": [
        {
          "schema_version": 0,
          "attributes": {
            "build_config": [
              {
                "build": "projects/680777544761/locations/us-east1/builds/97031b94-afb0-4a5e-b58f-0f754092e06d",
                "docker_repository": "projects/nth-micron-411415/locations/us-east1/repositories/gcf-artifacts",
                "entry_point": "main",
                "environment_variables": {},
                "runtime": "python312",
                "source": [
                  {
                    "repo_source": [],
                    "storage_source": [
                      {
                        "bucket": "document-reader-test-bucket",
                        "generation": 1965680548,
                        "object": "document-reader_4ddf0694a0217f0f291b5fb3aa837c34.zip"
                      }
                    ]
                  }
                ],
                "worker_pool": ""
              }
            ],
            "description": "a new function",
            "effective_labels": {},
            "environment": "GEN_2",
            "event_trigger": [],
            "id": "projects/nth-micron-411415/locations/us-east1/functions/function",
            "kms_key_name": "",
            "labels": null,
            "location": "us-east1",
            "name": "function",
            "project": "nth-micron-411415",
            "service_config": [
              {
                "all_traffic_on_latest_revision": true,
                "available_cpu": "0.1666",
                "available_memory": "256M",
                "environment_variables": null,
                "gcf_uri": "",
                "ingress_settings": "ALLOW_ALL",
                "max_instance_count": 1,
                "max_instance_request_concurrency": 1,
                "min_instance_count": 0,
                "secret_environment_variables": [],
                "secret_volumes": [],
                "service": "projects/nth-micron-411415/locations/us-east1/services/function",
                "service_account_email": "680777544761-compute@developer.gserviceaccount.com",
                "timeout_seconds": 60,
                "uri": "https://function-edzkyirdzq-ue.a.run.app",
                "vpc_connector": "",
                "vpc_connector_egress_settings": ""
              }
            ],
            "state": "ACTIVE",
            "terraform_labels": {},
            "timeouts": null,
            "update_time": "2024-01-28T15:48:56.312075453Z",
            "url": "https://us-east1-nth-micron-411415.cloudfunctions.net/function"
          },
          "sensitive_attributes": [],
          "private": "eyJlMmJmYjczMC1lY2FhLTExZTYtOGY4OC0zNDM2M2JjN2M0YzAiOnsiY3JlYXRlIjozNjAwMDAwMDAwMDAwLCJkZWxldGUiOjM2MDAwMDAwMDAwMDAsInVwZGF0ZSI6MzYwMDAwMDAwMDAwMH19",
          "dependencies": [
            "data.archive_file.app_zip",
            "google_storage_bucket.bucket",
            "google_storage_bucket_object.archive"
          ]
        }
      ]
    },
    {
      "mode": "managed",
      "type": "google_storage_bucket",
      "name": "bucket",
      "provider": "provider[\"registry.terraform.io/hashicorp/google\"]",
      "instances": [
        {
          "schema_version": 1,
          "attributes": {
            "autoclass": [],
            "cors": [],
            "custom_placement_config": [],
            "default_event_based_hold": false,
            "effective_labels": {},
            "enable_object_retention": false,
            "encryption": [],
            "force_destroy": false,
            "id": "document-reader-test-bucket",
            "labels": {},
            "lifecycle_rule": [],
            "location": "US",
            "logging": [],
            "name": "document-reader-test-bucket",
            "project": "nth-micron-411415",
            "public_access_prevention": "inherited",
            "requester_pays": false,
            "retention_policy": [],
            "rpo": "DEFAULT",
            "self_link": "https://www.googleapis.com/storage/v1/b/document-reader-test-bucket",
            "storage_class": "STANDARD",
            "terraform_labels": {},
            "timeouts": null,
            "uniform_bucket_level_access": false,
            "url": "gs://document-reader-test-bucket",
            "versioning": [],
            "website": []
          },
          "sensitive_attributes": [],
          "private": "eyJlMmJmYjczMC1lY2FhLTExZTYtOGY4OC0zNDM2M2JjN2M0YzAiOnsiY3JlYXRlIjo2MDAwMDAwMDAwMDAsInJlYWQiOjI0MDAwMDAwMDAwMCwidXBkYXRlIjoyNDAwMDAwMDAwMDB9LCJzY2hlbWFfdmVyc2lvbiI6IjEifQ=="
        }
      ]
    },
    {
      "mode": "managed",
      "type": "google_storage_bucket_object",
      "name": "archive",
      "provider": "provider[\"registry.terraform.io/hashicorp/google\"]",
      "instances": [
        {
          "schema_version": 0,
          "attributes": {
            "bucket": "document-reader-test-bucket",
            "cache_control": "",
            "content": null,
            "content_disposition": "",
            "content_encoding": "",
            "content_language": "",
            "content_type": "application/zip",
            "crc32c": "VlcpXw==",
            "customer_encryption": [],
            "detect_md5hash": "Td8GlKAhfw8pG1+zqoN8NA==",
            "event_based_hold": false,
            "id": "document-reader-test-bucket-document-reader_4ddf0694a0217f0f291b5fb3aa837c34.zip",
            "kms_key_name": "",
            "md5hash": "Td8GlKAhfw8pG1+zqoN8NA==",
            "media_link": "https://storage.googleapis.com/download/storage/v1/b/document-reader-test-bucket/o/document-reader_4ddf0694a0217f0f291b5fb3aa837c34.zip?generation=1706456896359745\u0026alt=media",
            "metadata": null,
            "name": "document-reader_4ddf0694a0217f0f291b5fb3aa837c34.zip",
            "output_name": "document-reader_4ddf0694a0217f0f291b5fb3aa837c34.zip",
            "retention": [],
            "self_link": "https://www.googleapis.com/storage/v1/b/document-reader-test-bucket/o/document-reader_4ddf0694a0217f0f291b5fb3aa837c34.zip",
            "source": "../build/app.zip",
            "storage_class": "STANDARD",
            "temporary_hold": false,
            "timeouts": null
          },
          "sensitive_attributes": [],
          "private": "eyJlMmJmYjczMC1lY2FhLTExZTYtOGY4OC0zNDM2M2JjN2M0YzAiOnsiY3JlYXRlIjoyNDAwMDAwMDAwMDAsImRlbGV0ZSI6MjQwMDAwMDAwMDAwLCJ1cGRhdGUiOjI0MDAwMDAwMDAwMH19",
          "dependencies": [
            "data.archive_file.app_zip",
            "google_storage_bucket.bucket"
          ]
        }
      ]
    }
  ],
  "check_results": null
}
