{
  "version": 4,
  "terraform_version": "1.6.6",
  "serial": 130,
  "lineage": "fae5cea6-72f8-a0c0-2805-acd1e5c58cc8",
  "outputs": {
    "archivename": {
      "value": "image-wraping_db4d481f9114f475495f808dccc97dad.zip",
      "type": "string"
    },
    "bucketname": {
      "value": "image-wraping-app-bucket",
      "type": "string"
    }
  },
  "resources": [
    {
      "mode": "data",
      "type": "archive_file",
      "name": "app_zip",
      "provider": "provider[\"registry.terraform.io/hashicorp/archive\"]",
      "instances": [
        {
          "schema_version": 0,
          "attributes": {
            "exclude_symlink_directories": null,
            "excludes": [
              "img/example.jpg",
              "notebook/image-wraping.ipynb"
            ],
            "id": "49875800ebeeb91b032e0f68c8e46abec59b2099",
            "output_base64sha256": "0l/7re6MQNH3hTtOfEVuVXheFIynqAn2siXzTTWAdJY=",
            "output_base64sha512": "YeN+70qAazoJDoT6cyC4gsnNDQmDKR+miky1HWdYnskpRCDAaidiqMFg63nJJbuog3PsqjBIob/4NBKxU+bXgg==",
            "output_file_mode": null,
            "output_md5": "db4d481f9114f475495f808dccc97dad",
            "output_path": "../build/app.zip",
            "output_sha": "49875800ebeeb91b032e0f68c8e46abec59b2099",
            "output_sha256": "d25ffbadee8c40d1f7853b4e7c456e55785e148ca7a809f6b225f34d35807496",
            "output_sha512": "61e37eef4a806b3a090e84fa7320b882c9cd0d0983291fa68a4cb51d67589ec9294420c06a2762a8c160eb79c925bba88373ecaa3048a1bff83412b153e6d782",
            "output_size": 36155,
            "source": [],
            "source_content": null,
            "source_content_filename": null,
            "source_dir": "../app",
            "source_file": null,
            "type": "zip"
          },
          "sensitive_attributes": []
        }
      ]
    },
    {
      "mode": "managed",
      "type": "google_cloudfunctions2_function",
      "name": "default",
      "provider": "provider[\"registry.terraform.io/hashicorp/google\"]",
      "instances": [
        {
          "status": "tainted",
          "schema_version": 0,
          "attributes": {
            "build_config": [
              {
                "build": "",
                "docker_repository": "",
                "entry_point": "main",
                "environment_variables": {},
                "runtime": "python312",
                "source": [
                  {
                    "repo_source": [],
                    "storage_source": [
                      {
                        "bucket": "image-wraping-app-bucket",
                        "generation": 0,
                        "object": "image-wraping_db4d481f9114f475495f808dccc97dad.zip"
                      }
                    ]
                  }
                ],
                "worker_pool": ""
              }
            ],
            "description": "a new function",
            "effective_labels": null,
            "environment": null,
            "event_trigger": [],
            "id": "projects/nth-micron-411415/locations/us-east1/functions/function",
            "kms_key_name": null,
            "labels": null,
            "location": "us-east1",
            "name": "function",
            "project": "nth-micron-411415",
            "service_config": [
              {
                "all_traffic_on_latest_revision": true,
                "available_cpu": "",
                "available_memory": "256M",
                "environment_variables": null,
                "gcf_uri": "",
                "ingress_settings": "ALLOW_ALL",
                "max_instance_count": 1,
                "max_instance_request_concurrency": 0,
                "min_instance_count": 0,
                "secret_environment_variables": [],
                "secret_volumes": [],
                "service": "",
                "service_account_email": "",
                "timeout_seconds": 60,
                "uri": "",
                "vpc_connector": "",
                "vpc_connector_egress_settings": ""
              }
            ],
            "state": null,
            "terraform_labels": null,
            "timeouts": null,
            "update_time": null,
            "url": null
          },
          "sensitive_attributes": [],
          "private": "eyJlMmJmYjczMC1lY2FhLTExZTYtOGY4OC0zNDM2M2JjN2M0YzAiOnsiY3JlYXRlIjozNjAwMDAwMDAwMDAwLCJkZWxldGUiOjM2MDAwMDAwMDAwMDAsInVwZGF0ZSI6MzYwMDAwMDAwMDAwMH19",
          "dependencies": [
            "data.archive_file.app_zip",
            "google_storage_bucket.bucket",
            "google_storage_bucket_object.archive"
          ]
        }
      ]
    },
    {
      "mode": "managed",
      "type": "google_storage_bucket",
      "name": "bucket",
      "provider": "provider[\"registry.terraform.io/hashicorp/google\"]",
      "instances": [
        {
          "schema_version": 1,
          "attributes": {
            "autoclass": [],
            "cors": [],
            "custom_placement_config": [],
            "default_event_based_hold": false,
            "effective_labels": {},
            "enable_object_retention": false,
            "encryption": [],
            "force_destroy": false,
            "id": "image-wraping-app-bucket",
            "labels": null,
            "lifecycle_rule": [],
            "location": "US",
            "logging": [],
            "name": "image-wraping-app-bucket",
            "project": "nth-micron-411415",
            "public_access_prevention": "inherited",
            "requester_pays": false,
            "retention_policy": [],
            "rpo": "DEFAULT",
            "self_link": "https://www.googleapis.com/storage/v1/b/image-wraping-app-bucket",
            "storage_class": "STANDARD",
            "terraform_labels": {},
            "timeouts": null,
            "uniform_bucket_level_access": false,
            "url": "gs://image-wraping-app-bucket",
            "versioning": [],
            "website": []
          },
          "sensitive_attributes": [],
          "private": "eyJlMmJmYjczMC1lY2FhLTExZTYtOGY4OC0zNDM2M2JjN2M0YzAiOnsiY3JlYXRlIjo2MDAwMDAwMDAwMDAsInJlYWQiOjI0MDAwMDAwMDAwMCwidXBkYXRlIjoyNDAwMDAwMDAwMDB9LCJzY2hlbWFfdmVyc2lvbiI6IjEifQ=="
        }
      ]
    },
    {
      "mode": "managed",
      "type": "google_storage_bucket_object",
      "name": "archive",
      "provider": "provider[\"registry.terraform.io/hashicorp/google\"]",
      "instances": [
        {
          "schema_version": 0,
          "attributes": {
            "bucket": "image-wraping-app-bucket",
            "cache_control": "",
            "content": null,
            "content_disposition": "",
            "content_encoding": "",
            "content_language": "",
            "content_type": "application/zip",
            "crc32c": "3n5QIg==",
            "customer_encryption": [],
            "detect_md5hash": "201IH5EU9HVJX4CNzMl9rQ==",
            "event_based_hold": false,
            "id": "image-wraping-app-bucket-image-wraping_db4d481f9114f475495f808dccc97dad.zip",
            "kms_key_name": "",
            "md5hash": "201IH5EU9HVJX4CNzMl9rQ==",
            "media_link": "https://storage.googleapis.com/download/storage/v1/b/image-wraping-app-bucket/o/image-wraping_db4d481f9114f475495f808dccc97dad.zip?generation=1706472194148935\u0026alt=media",
            "metadata": null,
            "name": "image-wraping_db4d481f9114f475495f808dccc97dad.zip",
            "output_name": "image-wraping_db4d481f9114f475495f808dccc97dad.zip",
            "retention": [],
            "self_link": "https://www.googleapis.com/storage/v1/b/image-wraping-app-bucket/o/image-wraping_db4d481f9114f475495f808dccc97dad.zip",
            "source": "../build/app.zip",
            "storage_class": "STANDARD",
            "temporary_hold": false,
            "timeouts": null
          },
          "sensitive_attributes": [],
          "private": "eyJlMmJmYjczMC1lY2FhLTExZTYtOGY4OC0zNDM2M2JjN2M0YzAiOnsiY3JlYXRlIjoyNDAwMDAwMDAwMDAsImRlbGV0ZSI6MjQwMDAwMDAwMDAwLCJ1cGRhdGUiOjI0MDAwMDAwMDAwMH19",
          "dependencies": [
            "data.archive_file.app_zip",
            "google_storage_bucket.bucket"
          ]
        }
      ]
    }
  ],
  "check_results": null
}
