{
  "version": 4,
  "terraform_version": "1.6.6",
  "serial": 44,
  "lineage": "fae5cea6-72f8-a0c0-2805-acd1e5c58cc8",
  "outputs": {},
  "resources": [
    {
      "mode": "data",
      "type": "archive_file",
      "name": "app_zip",
      "provider": "provider[\"registry.terraform.io/hashicorp/archive\"]",
      "instances": [
        {
          "schema_version": 0,
          "attributes": {
            "exclude_symlink_directories": null,
            "excludes": null,
            "id": "9fba4f8f10713b48a978af27ba3fc6d0dee35d1c",
            "output_base64sha256": "vP4nGPsgrzlm12/vFx9nS5OMs5EvWC4zxoPYsuFwwr0=",
            "output_base64sha512": "oCgH/DyT6Gjtp4IrTpP99/mH29P5PXCXHF1We1v1dov0pu6cPaMztTGovqE5N0gglEPkoPWI25glQyE4GbVWmQ==",
            "output_file_mode": null,
            "output_md5": "fc8df1d2ed0cd821e741bfe002d7a393",
            "output_path": "../build/app.zip",
            "output_sha": "9fba4f8f10713b48a978af27ba3fc6d0dee35d1c",
            "output_sha256": "bcfe2718fb20af3966d76fef171f674b938cb3912f582e33c683d8b2e170c2bd",
            "output_sha512": "a02807fc3c93e868eda7822b4e93fdf7f987dbd3f93d70971c5d567b5bf5768bf4a6ee9c3da333b531a8bea1393748209443e4a0f588db982543213819b55699",
            "output_size": 640,
            "source": [],
            "source_content": null,
            "source_content_filename": null,
            "source_dir": "../app",
            "source_file": null,
            "type": "zip"
          },
          "sensitive_attributes": []
        }
      ]
    },
    {
      "mode": "managed",
      "type": "google_cloudfunctions_function",
      "name": "function",
      "provider": "provider[\"registry.terraform.io/hashicorp/google\"]",
      "instances": [
        {
          "schema_version": 0,
          "attributes": {
            "available_memory_mb": 128,
            "build_environment_variables": null,
            "build_worker_pool": "",
            "description": "description",
            "docker_registry": "CONTAINER_REGISTRY",
            "docker_repository": "",
            "effective_labels": {
              "my-label": "my-label-value"
            },
            "entry_point": "main",
            "environment_variables": {},
            "event_trigger": [
              {
                "event_type": "providers/cloud.pubsub/eventTypes/topic.publish",
                "failure_policy": [
                  {
                    "retry": false
                  }
                ],
                "resource": "projects/nth-micron-411415/topics/terraform-test"
              }
            ],
            "https_trigger_security_level": null,
            "https_trigger_url": null,
            "id": "projects/nth-micron-411415/locations/us-east1/functions/terrafom-function",
            "ingress_settings": "ALLOW_ALL",
            "kms_key_name": "",
            "labels": {
              "my-label": "my-label-value"
            },
            "max_instances": 3000,
            "min_instances": 0,
            "name": "terrafom-function",
            "project": "nth-micron-411415",
            "region": "us-east1",
            "runtime": "python312",
            "secret_environment_variables": [],
            "secret_volumes": [],
            "service_account_email": "nth-micron-411415@appspot.gserviceaccount.com",
            "source_archive_bucket": "document-reader-test-bucket",
            "source_archive_object": "document-reader_bcfe2718fb20af3966d76fef171f674b938cb3912f582e33c683d8b2e170c2bd.zip",
            "source_repository": [],
            "status": "ACTIVE",
            "terraform_labels": {
              "my-label": "my-label-value"
            },
            "timeout": 60,
            "timeouts": null,
            "trigger_http": null,
            "vpc_connector": "",
            "vpc_connector_egress_settings": ""
          },
          "sensitive_attributes": [],
          "private": "eyJlMmJmYjczMC1lY2FhLTExZTYtOGY4OC0zNDM2M2JjN2M0YzAiOnsiY3JlYXRlIjozMDAwMDAwMDAwMDAsImRlbGV0ZSI6MzAwMDAwMDAwMDAwLCJyZWFkIjozMDAwMDAwMDAwMDAsInVwZGF0ZSI6MzAwMDAwMDAwMDAwfX0=",
          "dependencies": [
            "data.archive_file.app_zip",
            "google_storage_bucket.bucket",
            "google_storage_bucket_object.archive"
          ]
        }
      ]
    },
    {
      "mode": "managed",
      "type": "google_storage_bucket",
      "name": "bucket",
      "provider": "provider[\"registry.terraform.io/hashicorp/google\"]",
      "instances": [
        {
          "schema_version": 1,
          "attributes": {
            "autoclass": [],
            "cors": [],
            "custom_placement_config": [],
            "default_event_based_hold": false,
            "effective_labels": {},
            "enable_object_retention": false,
            "encryption": [],
            "force_destroy": false,
            "id": "document-reader-test-bucket",
            "labels": {},
            "lifecycle_rule": [],
            "location": "US",
            "logging": [],
            "name": "document-reader-test-bucket",
            "project": "nth-micron-411415",
            "public_access_prevention": "inherited",
            "requester_pays": false,
            "retention_policy": [],
            "rpo": "DEFAULT",
            "self_link": "https://www.googleapis.com/storage/v1/b/document-reader-test-bucket",
            "storage_class": "STANDARD",
            "terraform_labels": {},
            "timeouts": null,
            "uniform_bucket_level_access": false,
            "url": "gs://document-reader-test-bucket",
            "versioning": [],
            "website": []
          },
          "sensitive_attributes": [],
          "private": "eyJlMmJmYjczMC1lY2FhLTExZTYtOGY4OC0zNDM2M2JjN2M0YzAiOnsiY3JlYXRlIjo2MDAwMDAwMDAwMDAsInJlYWQiOjI0MDAwMDAwMDAwMCwidXBkYXRlIjoyNDAwMDAwMDAwMDB9LCJzY2hlbWFfdmVyc2lvbiI6IjEifQ=="
        }
      ]
    },
    {
      "mode": "managed",
      "type": "google_storage_bucket_object",
      "name": "archive",
      "provider": "provider[\"registry.terraform.io/hashicorp/google\"]",
      "instances": [
        {
          "schema_version": 0,
          "attributes": {
            "bucket": "document-reader-test-bucket",
            "cache_control": "",
            "content": null,
            "content_disposition": "",
            "content_encoding": "",
            "content_language": "",
            "content_type": "application/zip",
            "crc32c": "6mSloA==",
            "customer_encryption": [],
            "detect_md5hash": "/I3x0u0M2CHnQb/gAtejkw==",
            "event_based_hold": false,
            "id": "document-reader-test-bucket-document-reader_bcfe2718fb20af3966d76fef171f674b938cb3912f582e33c683d8b2e170c2bd.zip",
            "kms_key_name": "",
            "md5hash": "/I3x0u0M2CHnQb/gAtejkw==",
            "media_link": "https://storage.googleapis.com/download/storage/v1/b/document-reader-test-bucket/o/document-reader_bcfe2718fb20af3966d76fef171f674b938cb3912f582e33c683d8b2e170c2bd.zip?generation=1705444898688271\u0026alt=media",
            "metadata": null,
            "name": "document-reader_bcfe2718fb20af3966d76fef171f674b938cb3912f582e33c683d8b2e170c2bd.zip",
            "output_name": "document-reader_bcfe2718fb20af3966d76fef171f674b938cb3912f582e33c683d8b2e170c2bd.zip",
            "retention": [],
            "self_link": "https://www.googleapis.com/storage/v1/b/document-reader-test-bucket/o/document-reader_bcfe2718fb20af3966d76fef171f674b938cb3912f582e33c683d8b2e170c2bd.zip",
            "source": "../build/app.zip",
            "storage_class": "STANDARD",
            "temporary_hold": false,
            "timeouts": null
          },
          "sensitive_attributes": [],
          "private": "eyJlMmJmYjczMC1lY2FhLTExZTYtOGY4OC0zNDM2M2JjN2M0YzAiOnsiY3JlYXRlIjoyNDAwMDAwMDAwMDAsImRlbGV0ZSI6MjQwMDAwMDAwMDAwLCJ1cGRhdGUiOjI0MDAwMDAwMDAwMH19",
          "dependencies": [
            "data.archive_file.app_zip",
            "google_storage_bucket.bucket"
          ]
        }
      ]
    }
  ],
  "check_results": null
}
