{
  "version": 4,
  "terraform_version": "1.6.6",
  "serial": 219,
  "lineage": "fae5cea6-72f8-a0c0-2805-acd1e5c58cc8",
  "outputs": {
    "archivename": {
      "value": "image-wraping_36d3fe8aee4f02cedadf3c6ca97d741b.zip",
      "type": "string"
    },
    "bucketname": {
      "value": "image-wraping-app-bucket",
      "type": "string"
    },
    "function_uri": {
      "value": "https://function-edzkyirdzq-ue.a.run.app",
      "type": "string"
    }
  },
  "resources": [
    {
      "mode": "data",
      "type": "archive_file",
      "name": "app_zip",
      "provider": "provider[\"registry.terraform.io/hashicorp/archive\"]",
      "instances": [
        {
          "schema_version": 0,
          "attributes": {
            "exclude_symlink_directories": null,
            "excludes": [
              "../app/Pipfile",
              "../app/Pipfile.lock",
              "img/example.jpg",
              "img/example2.jpg",
              "notebook/image-wraping.ipynb"
            ],
            "id": "9e4e95861308f806c1d5dcddce7f65f9a1552a11",
            "output_base64sha256": "jsnESilrd582VmMBqw9db6vKG2vf1OV1QZWKb6trMXs=",
            "output_base64sha512": "GJysjDWqBwiUytinnjtUiQZ/MvHux6q6xH+24/8qjQPF6Q73HGWbGonNW0Damn2Dbsy9sLiIUSF5SlMFnf7LJg==",
            "output_file_mode": null,
            "output_md5": "36d3fe8aee4f02cedadf3c6ca97d741b",
            "output_path": "../build/app.zip",
            "output_sha": "9e4e95861308f806c1d5dcddce7f65f9a1552a11",
            "output_sha256": "8ec9c44a296b779f36566301ab0f5d6fabca1b6bdfd4e57541958a6fab6b317b",
            "output_sha512": "189cac8c35aa070894cad8a79e3b5489067f32f1eec7aabac47fb6e3ff2a8d03c5e90ef71c659b1a89cd5b40da9a7d836eccbdb0b8885121794a53059dfecb26",
            "output_size": 35763,
            "source": [],
            "source_content": null,
            "source_content_filename": null,
            "source_dir": "../app",
            "source_file": null,
            "type": "zip"
          },
          "sensitive_attributes": []
        }
      ]
    },
    {
      "mode": "managed",
      "type": "google_cloud_run_service_iam_binding",
      "name": "default",
      "provider": "provider[\"registry.terraform.io/hashicorp/google\"]",
      "instances": [
        {
          "schema_version": 0,
          "attributes": {
            "condition": [],
            "etag": "BwYQDozl6Hw=",
            "id": "v1/projects/nth-micron-411415/locations/us-east1/services/function/roles/run.invoker",
            "location": "us-east1",
            "members": [
              "allUsers"
            ],
            "project": "nth-micron-411415",
            "role": "roles/run.invoker",
            "service": "v1/projects/nth-micron-411415/locations/us-east1/services/function"
          },
          "sensitive_attributes": [],
          "private": "bnVsbA==",
          "dependencies": [
            "data.archive_file.app_zip",
            "google_cloudfunctions2_function.default",
            "google_storage_bucket.bucket",
            "google_storage_bucket_object.archive"
          ]
        }
      ]
    },
    {
      "mode": "managed",
      "type": "google_cloudfunctions2_function",
      "name": "default",
      "provider": "provider[\"registry.terraform.io/hashicorp/google\"]",
      "instances": [
        {
          "schema_version": 0,
          "attributes": {
            "build_config": [
              {
                "build": "projects/680777544761/locations/us-east1/builds/b46b15c0-9567-4e92-a203-4bdbbb0a6840",
                "docker_repository": "projects/nth-micron-411415/locations/us-east1/repositories/gcf-artifacts",
                "entry_point": "main",
                "environment_variables": {},
                "runtime": "python312",
                "source": [
                  {
                    "repo_source": [],
                    "storage_source": [
                      {
                        "bucket": "image-wraping-app-bucket",
                        "generation": -382135843,
                        "object": "image-wraping_36d3fe8aee4f02cedadf3c6ca97d741b.zip"
                      }
                    ]
                  }
                ],
                "worker_pool": ""
              }
            ],
            "description": "a new function",
            "effective_labels": {},
            "environment": "GEN_2",
            "event_trigger": [],
            "id": "projects/nth-micron-411415/locations/us-east1/functions/function",
            "kms_key_name": "",
            "labels": {},
            "location": "us-east1",
            "name": "function",
            "project": "nth-micron-411415",
            "service_config": [
              {
                "all_traffic_on_latest_revision": true,
                "available_cpu": "0.1666",
                "available_memory": "256M",
                "environment_variables": {},
                "gcf_uri": "",
                "ingress_settings": "ALLOW_ALL",
                "max_instance_count": 1,
                "max_instance_request_concurrency": 1,
                "min_instance_count": 0,
                "secret_environment_variables": [],
                "secret_volumes": [],
                "service": "projects/nth-micron-411415/locations/us-east1/services/function",
                "service_account_email": "680777544761-compute@developer.gserviceaccount.com",
                "timeout_seconds": 60,
                "uri": "https://function-edzkyirdzq-ue.a.run.app",
                "vpc_connector": "",
                "vpc_connector_egress_settings": ""
              }
            ],
            "state": "ACTIVE",
            "terraform_labels": {},
            "timeouts": null,
            "update_time": "2024-02-01T05:03:57.910239175Z",
            "url": "https://us-east1-nth-micron-411415.cloudfunctions.net/function"
          },
          "sensitive_attributes": [],
          "private": "eyJlMmJmYjczMC1lY2FhLTExZTYtOGY4OC0zNDM2M2JjN2M0YzAiOnsiY3JlYXRlIjozNjAwMDAwMDAwMDAwLCJkZWxldGUiOjM2MDAwMDAwMDAwMDAsInVwZGF0ZSI6MzYwMDAwMDAwMDAwMH19",
          "dependencies": [
            "data.archive_file.app_zip",
            "google_storage_bucket.bucket",
            "google_storage_bucket_object.archive"
          ]
        }
      ]
    },
    {
      "mode": "managed",
      "type": "google_storage_bucket",
      "name": "bucket",
      "provider": "provider[\"registry.terraform.io/hashicorp/google\"]",
      "instances": [
        {
          "schema_version": 1,
          "attributes": {
            "autoclass": [],
            "cors": [],
            "custom_placement_config": [],
            "default_event_based_hold": false,
            "effective_labels": {},
            "enable_object_retention": false,
            "encryption": [],
            "force_destroy": false,
            "id": "image-wraping-app-bucket",
            "labels": {},
            "lifecycle_rule": [],
            "location": "US",
            "logging": [],
            "name": "image-wraping-app-bucket",
            "project": "nth-micron-411415",
            "public_access_prevention": "inherited",
            "requester_pays": false,
            "retention_policy": [],
            "rpo": "DEFAULT",
            "self_link": "https://www.googleapis.com/storage/v1/b/image-wraping-app-bucket",
            "storage_class": "STANDARD",
            "terraform_labels": {},
            "timeouts": null,
            "uniform_bucket_level_access": false,
            "url": "gs://image-wraping-app-bucket",
            "versioning": [],
            "website": []
          },
          "sensitive_attributes": [],
          "private": "eyJlMmJmYjczMC1lY2FhLTExZTYtOGY4OC0zNDM2M2JjN2M0YzAiOnsiY3JlYXRlIjo2MDAwMDAwMDAwMDAsInJlYWQiOjI0MDAwMDAwMDAwMCwidXBkYXRlIjoyNDAwMDAwMDAwMDB9LCJzY2hlbWFfdmVyc2lvbiI6IjEifQ=="
        }
      ]
    },
    {
      "mode": "managed",
      "type": "google_storage_bucket_object",
      "name": "archive",
      "provider": "provider[\"registry.terraform.io/hashicorp/google\"]",
      "instances": [
        {
          "schema_version": 0,
          "attributes": {
            "bucket": "image-wraping-app-bucket",
            "cache_control": "",
            "content": null,
            "content_disposition": "",
            "content_encoding": "",
            "content_language": "",
            "content_type": "application/zip",
            "crc32c": "s2bUqA==",
            "customer_encryption": [],
            "detect_md5hash": "NtP+iu5PAs7a3zxsqX10Gw==",
            "event_based_hold": false,
            "id": "image-wraping-app-bucket-image-wraping_36d3fe8aee4f02cedadf3c6ca97d741b.zip",
            "kms_key_name": "",
            "md5hash": "NtP+iu5PAs7a3zxsqX10Gw==",
            "media_link": "https://storage.googleapis.com/download/storage/v1/b/image-wraping-app-bucket/o/image-wraping_36d3fe8aee4f02cedadf3c6ca97d741b.zip?generation=1706763785517910\u0026alt=media",
            "metadata": null,
            "name": "image-wraping_36d3fe8aee4f02cedadf3c6ca97d741b.zip",
            "output_name": "image-wraping_36d3fe8aee4f02cedadf3c6ca97d741b.zip",
            "retention": [],
            "self_link": "https://www.googleapis.com/storage/v1/b/image-wraping-app-bucket/o/image-wraping_36d3fe8aee4f02cedadf3c6ca97d741b.zip",
            "source": "../build/app.zip",
            "storage_class": "STANDARD",
            "temporary_hold": false,
            "timeouts": null
          },
          "sensitive_attributes": [],
          "private": "eyJlMmJmYjczMC1lY2FhLTExZTYtOGY4OC0zNDM2M2JjN2M0YzAiOnsiY3JlYXRlIjoyNDAwMDAwMDAwMDAsImRlbGV0ZSI6MjQwMDAwMDAwMDAwLCJ1cGRhdGUiOjI0MDAwMDAwMDAwMH19",
          "dependencies": [
            "data.archive_file.app_zip",
            "google_storage_bucket.bucket"
          ]
        }
      ]
    }
  ],
  "check_results": null
}
